
Microsoft Visual Studio Solution File, Format Version 12.00
# Visual Studio 2013
VisualStudioVersion = 12.0.40629.0
MinimumVisualStudioVersion = 10.0.40219.1
Project("{8BC9CEB8-8B4A-11D0-8D11-00A0C91BC942}") = "OpenVXWrapper", "OpenVXWrapper\OpenVXWrapper.vcxproj", "{F008CAD3-843C-4659-8C1D-FDE606F99C3F}"
	ProjectSection(ProjectDependencies) = postProject
		{E698783E-4BD7-47AA-95F4-340C8ABFF830} = {E698783E-4BD7-47AA-95F4-340C8ABFF830}
	EndProjectSection
EndProject
Project("{8BC9CEB8-8B4A-11D0-8D11-00A0C91BC942}") = "OpenVXWrapperTest", "OpenVXWrapperTest\OpenVXWrapperTest.vcxproj", "{A02DF9E5-76A0-485E-80EE-F5B22E0571C0}"
	ProjectSection(ProjectDependencies) = postProject
		{7603FB2F-6F2E-4D78-A876-25B2AB0E9F13} = {7603FB2F-6F2E-4D78-A876-25B2AB0E9F13}
		{AA88BA47-5B94-4B12-B160-653921D884EC} = {AA88BA47-5B94-4B12-B160-653921D884EC}
		{6147A18E-0828-4379-9575-D9FAFC9B68D7} = {6147A18E-0828-4379-9575-D9FAFC9B68D7}
		{DED08BA9-69A8-43D8-9E8B-EED79539EB6A} = {DED08BA9-69A8-43D8-9E8B-EED79539EB6A}
	EndProjectSection
EndProject
Project("{8BC9CEB8-8B4A-11D0-8D11-00A0C91BC942}") = "RWPluginInterface", "RWPluginInterface\RWPluginInterface.vcxproj", "{8262A21B-A3AC-48A7-9BF5-08DDF6794938}"
	ProjectSection(ProjectDependencies) = postProject
		{E698783E-4BD7-47AA-95F4-340C8ABFF830} = {E698783E-4BD7-47AA-95F4-340C8ABFF830}
	EndProjectSection
EndProject
Project("{8BC9CEB8-8B4A-11D0-8D11-00A0C91BC942}") = "HighResolution", "..\RemoteUtil\thirdparty\HighResolution\HighResolution.vcxproj", "{E698783E-4BD7-47AA-95F4-340C8ABFF830}"
EndProject
Project("{8BC9CEB8-8B4A-11D0-8D11-00A0C91BC942}") = "RWUnitTest", "RWUnitTest\RWUnitTest.vcxproj", "{B5D2B888-D738-48DF-9DA7-990D0B7C15E3}"
	ProjectSection(ProjectDependencies) = postProject
		{F008CAD3-843C-4659-8C1D-FDE606F99C3F} = {F008CAD3-843C-4659-8C1D-FDE606F99C3F}
	EndProjectSection
EndProject
Project("{2150E333-8FDC-42A3-9474-1A3956D46DE8}") = "Plugins", "Plugins", "{49DA11FE-7538-4C64-9E9D-7328EACFEDBC}"
EndProject
Project("{8BC9CEB8-8B4A-11D0-8D11-00A0C91BC942}") = "VGR", "VGR\VGR.vcxproj", "{DED08BA9-69A8-43D8-9E8B-EED79539EB6A}"
EndProject
Project("{8BC9CEB8-8B4A-11D0-8D11-00A0C91BC942}") = "IMP", "IMP\IMP.vcxproj", "{AA88BA47-5B94-4B12-B160-653921D884EC}"
EndProject
Project("{8BC9CEB8-8B4A-11D0-8D11-00A0C91BC942}") = "ENC", "ENC\ENC.vcxproj", "{6147A18E-0828-4379-9575-D9FAFC9B68D7}"
EndProject
Project("{8BC9CEB8-8B4A-11D0-8D11-00A0C91BC942}") = "SSR", "SSR\SSR.vcxproj", "{7603FB2F-6F2E-4D78-A876-25B2AB0E9F13}"
EndProject
Project("{2150E333-8FDC-42A3-9474-1A3956D46DE8}") = "Common", "Common", "{49103EDC-92E8-4B88-8A53-A88A3D5FF271}"
EndProject
Project("{8BC9CEB8-8B4A-11D0-8D11-00A0C91BC942}") = "Intel_common", "..\RemoteUtil\thirdparty\Intel_common\Intel_common.vcxproj", "{DB71B91D-16D8-4339-9621-D81798E46E8F}"
EndProject
Project("{8BC9CEB8-8B4A-11D0-8D11-00A0C91BC942}") = "CSR", "CSR\CSR.vcxproj", "{3D70871F-9DEA-4121-ABF4-136F21250978}"
	ProjectSection(ProjectDependencies) = postProject
		{A02DF9E5-76A0-485E-80EE-F5B22E0571C0} = {A02DF9E5-76A0-485E-80EE-F5B22E0571C0}
	EndProjectSection
EndProject
Global
	GlobalSection(SolutionConfigurationPlatforms) = preSolution
		Debug_Client|x64 = Debug_Client|x64
		Debug_Server|x64 = Debug_Server|x64
		Debug|x64 = Debug|x64
		Release|x64 = Release|x64
	EndGlobalSection
	GlobalSection(ProjectConfigurationPlatforms) = postSolution
		{F008CAD3-843C-4659-8C1D-FDE606F99C3F}.Debug_Client|x64.ActiveCfg = Debug_Client|x64
		{F008CAD3-843C-4659-8C1D-FDE606F99C3F}.Debug_Client|x64.Build.0 = Debug_Client|x64
		{F008CAD3-843C-4659-8C1D-FDE606F99C3F}.Debug_Server|x64.ActiveCfg = Debug_Server|x64
		{F008CAD3-843C-4659-8C1D-FDE606F99C3F}.Debug_Server|x64.Build.0 = Debug_Server|x64
		{F008CAD3-843C-4659-8C1D-FDE606F99C3F}.Debug|x64.ActiveCfg = Debug|x64
		{F008CAD3-843C-4659-8C1D-FDE606F99C3F}.Debug|x64.Build.0 = Debug|x64
		{F008CAD3-843C-4659-8C1D-FDE606F99C3F}.Release|x64.ActiveCfg = Release|x64
		{F008CAD3-843C-4659-8C1D-FDE606F99C3F}.Release|x64.Build.0 = Release|x64
		{A02DF9E5-76A0-485E-80EE-F5B22E0571C0}.Debug_Client|x64.ActiveCfg = Debug_Client|x64
		{A02DF9E5-76A0-485E-80EE-F5B22E0571C0}.Debug_Client|x64.Build.0 = Debug_Client|x64
		{A02DF9E5-76A0-485E-80EE-F5B22E0571C0}.Debug_Server|x64.ActiveCfg = Debug_Server|x64
		{A02DF9E5-76A0-485E-80EE-F5B22E0571C0}.Debug_Server|x64.Build.0 = Debug_Server|x64
		{A02DF9E5-76A0-485E-80EE-F5B22E0571C0}.Debug|x64.ActiveCfg = Debug_Client|x64
		{A02DF9E5-76A0-485E-80EE-F5B22E0571C0}.Debug|x64.Build.0 = Debug_Client|x64
		{A02DF9E5-76A0-485E-80EE-F5B22E0571C0}.Release|x64.ActiveCfg = Release|x64
		{A02DF9E5-76A0-485E-80EE-F5B22E0571C0}.Release|x64.Build.0 = Release|x64
		{8262A21B-A3AC-48A7-9BF5-08DDF6794938}.Debug_Client|x64.ActiveCfg = Debug_Client|x64
		{8262A21B-A3AC-48A7-9BF5-08DDF6794938}.Debug_Client|x64.Build.0 = Debug_Client|x64
		{8262A21B-A3AC-48A7-9BF5-08DDF6794938}.Debug_Server|x64.ActiveCfg = Debug_Server|x64
		{8262A21B-A3AC-48A7-9BF5-08DDF6794938}.Debug_Server|x64.Build.0 = Debug_Server|x64
		{8262A21B-A3AC-48A7-9BF5-08DDF6794938}.Debug|x64.ActiveCfg = Debug|x64
		{8262A21B-A3AC-48A7-9BF5-08DDF6794938}.Debug|x64.Build.0 = Debug|x64
		{8262A21B-A3AC-48A7-9BF5-08DDF6794938}.Release|x64.ActiveCfg = Release|x64
		{8262A21B-A3AC-48A7-9BF5-08DDF6794938}.Release|x64.Build.0 = Release|x64
		{E698783E-4BD7-47AA-95F4-340C8ABFF830}.Debug_Client|x64.ActiveCfg = Debug|x64
		{E698783E-4BD7-47AA-95F4-340C8ABFF830}.Debug_Client|x64.Build.0 = Debug|x64
		{E698783E-4BD7-47AA-95F4-340C8ABFF830}.Debug_Server|x64.ActiveCfg = Debug_Server|x64
		{E698783E-4BD7-47AA-95F4-340C8ABFF830}.Debug_Server|x64.Build.0 = Debug_Server|x64
		{E698783E-4BD7-47AA-95F4-340C8ABFF830}.Debug|x64.ActiveCfg = Debug|x64
		{E698783E-4BD7-47AA-95F4-340C8ABFF830}.Debug|x64.Build.0 = Debug|x64
		{E698783E-4BD7-47AA-95F4-340C8ABFF830}.Release|x64.ActiveCfg = Release|x64
		{E698783E-4BD7-47AA-95F4-340C8ABFF830}.Release|x64.Build.0 = Release|x64
		{B5D2B888-D738-48DF-9DA7-990D0B7C15E3}.Debug_Client|x64.ActiveCfg = Debug_Client|x64
		{B5D2B888-D738-48DF-9DA7-990D0B7C15E3}.Debug_Client|x64.Build.0 = Debug_Client|x64
		{B5D2B888-D738-48DF-9DA7-990D0B7C15E3}.Debug_Server|x64.ActiveCfg = Debug_Server|x64
		{B5D2B888-D738-48DF-9DA7-990D0B7C15E3}.Debug_Server|x64.Build.0 = Debug_Server|x64
		{B5D2B888-D738-48DF-9DA7-990D0B7C15E3}.Debug|x64.ActiveCfg = Debug|x64
		{B5D2B888-D738-48DF-9DA7-990D0B7C15E3}.Debug|x64.Build.0 = Debug|x64
		{B5D2B888-D738-48DF-9DA7-990D0B7C15E3}.Release|x64.ActiveCfg = Release|x64
		{B5D2B888-D738-48DF-9DA7-990D0B7C15E3}.Release|x64.Build.0 = Release|x64
		{DED08BA9-69A8-43D8-9E8B-EED79539EB6A}.Debug_Client|x64.ActiveCfg = Debug_Client|x64
		{DED08BA9-69A8-43D8-9E8B-EED79539EB6A}.Debug_Client|x64.Build.0 = Debug_Client|x64
		{DED08BA9-69A8-43D8-9E8B-EED79539EB6A}.Debug_Server|x64.ActiveCfg = Debug_Server|x64
		{DED08BA9-69A8-43D8-9E8B-EED79539EB6A}.Debug_Server|x64.Build.0 = Debug_Server|x64
		{DED08BA9-69A8-43D8-9E8B-EED79539EB6A}.Debug|x64.ActiveCfg = Debug|x64
		{DED08BA9-69A8-43D8-9E8B-EED79539EB6A}.Debug|x64.Build.0 = Debug|x64
		{DED08BA9-69A8-43D8-9E8B-EED79539EB6A}.Release|x64.ActiveCfg = Release|x64
		{DED08BA9-69A8-43D8-9E8B-EED79539EB6A}.Release|x64.Build.0 = Release|x64
		{AA88BA47-5B94-4B12-B160-653921D884EC}.Debug_Client|x64.ActiveCfg = Debug_Client|x64
		{AA88BA47-5B94-4B12-B160-653921D884EC}.Debug_Client|x64.Build.0 = Debug_Client|x64
		{AA88BA47-5B94-4B12-B160-653921D884EC}.Debug_Server|x64.ActiveCfg = Debug_Server|x64
		{AA88BA47-5B94-4B12-B160-653921D884EC}.Debug_Server|x64.Build.0 = Debug_Server|x64
		{AA88BA47-5B94-4B12-B160-653921D884EC}.Debug|x64.ActiveCfg = Debug|x64
		{AA88BA47-5B94-4B12-B160-653921D884EC}.Debug|x64.Build.0 = Debug|x64
		{AA88BA47-5B94-4B12-B160-653921D884EC}.Release|x64.ActiveCfg = Release|x64
		{AA88BA47-5B94-4B12-B160-653921D884EC}.Release|x64.Build.0 = Release|x64
		{6147A18E-0828-4379-9575-D9FAFC9B68D7}.Debug_Client|x64.ActiveCfg = Debug_Client|x64
		{6147A18E-0828-4379-9575-D9FAFC9B68D7}.Debug_Client|x64.Build.0 = Debug_Client|x64
		{6147A18E-0828-4379-9575-D9FAFC9B68D7}.Debug_Server|x64.ActiveCfg = Debug_Server|x64
		{6147A18E-0828-4379-9575-D9FAFC9B68D7}.Debug_Server|x64.Build.0 = Debug_Server|x64
		{6147A18E-0828-4379-9575-D9FAFC9B68D7}.Debug|x64.ActiveCfg = Debug|x64
		{6147A18E-0828-4379-9575-D9FAFC9B68D7}.Debug|x64.Build.0 = Debug|x64
		{6147A18E-0828-4379-9575-D9FAFC9B68D7}.Release|x64.ActiveCfg = Release|x64
		{6147A18E-0828-4379-9575-D9FAFC9B68D7}.Release|x64.Build.0 = Release|x64
		{7603FB2F-6F2E-4D78-A876-25B2AB0E9F13}.Debug_Client|x64.ActiveCfg = Debug|x64
		{7603FB2F-6F2E-4D78-A876-25B2AB0E9F13}.Debug_Server|x64.ActiveCfg = Debug_Server|x64
		{7603FB2F-6F2E-4D78-A876-25B2AB0E9F13}.Debug_Server|x64.Build.0 = Debug_Server|x64
		{7603FB2F-6F2E-4D78-A876-25B2AB0E9F13}.Debug|x64.ActiveCfg = Debug|x64
		{7603FB2F-6F2E-4D78-A876-25B2AB0E9F13}.Debug|x64.Build.0 = Debug|x64
		{7603FB2F-6F2E-4D78-A876-25B2AB0E9F13}.Release|x64.ActiveCfg = Release|x64
		{7603FB2F-6F2E-4D78-A876-25B2AB0E9F13}.Release|x64.Build.0 = Release|x64
		{DB71B91D-16D8-4339-9621-D81798E46E8F}.Debug_Client|x64.ActiveCfg = Debug_WithDebugAPI|x64
		{DB71B91D-16D8-4339-9621-D81798E46E8F}.Debug_Client|x64.Build.0 = Debug_WithDebugAPI|x64
		{DB71B91D-16D8-4339-9621-D81798E46E8F}.Debug_Server|x64.ActiveCfg = Debug_Server|x64
		{DB71B91D-16D8-4339-9621-D81798E46E8F}.Debug_Server|x64.Build.0 = Debug_Server|x64
		{DB71B91D-16D8-4339-9621-D81798E46E8F}.Debug|x64.ActiveCfg = Debug|x64
		{DB71B91D-16D8-4339-9621-D81798E46E8F}.Debug|x64.Build.0 = Debug|x64
		{DB71B91D-16D8-4339-9621-D81798E46E8F}.Release|x64.ActiveCfg = Release|x64
		{3D70871F-9DEA-4121-ABF4-136F21250978}.Debug_Client|x64.ActiveCfg = Debug_Client|x64
		{3D70871F-9DEA-4121-ABF4-136F21250978}.Debug_Client|x64.Build.0 = Debug_Client|x64
		{3D70871F-9DEA-4121-ABF4-136F21250978}.Debug_Server|x64.ActiveCfg = Debug_Server|x64
		{3D70871F-9DEA-4121-ABF4-136F21250978}.Debug_Server|x64.Build.0 = Debug_Server|x64
		{3D70871F-9DEA-4121-ABF4-136F21250978}.Debug|x64.ActiveCfg = Debug|x64
		{3D70871F-9DEA-4121-ABF4-136F21250978}.Debug|x64.Build.0 = Debug|x64
		{3D70871F-9DEA-4121-ABF4-136F21250978}.Release|x64.ActiveCfg = Release|x64
		{3D70871F-9DEA-4121-ABF4-136F21250978}.Release|x64.Build.0 = Release|x64
	EndGlobalSection
	GlobalSection(SolutionProperties) = preSolution
		HideSolutionNode = FALSE
	EndGlobalSection
	GlobalSection(NestedProjects) = preSolution
		{E698783E-4BD7-47AA-95F4-340C8ABFF830} = {49103EDC-92E8-4B88-8A53-A88A3D5FF271}
		{DED08BA9-69A8-43D8-9E8B-EED79539EB6A} = {49DA11FE-7538-4C64-9E9D-7328EACFEDBC}
		{AA88BA47-5B94-4B12-B160-653921D884EC} = {49DA11FE-7538-4C64-9E9D-7328EACFEDBC}
		{6147A18E-0828-4379-9575-D9FAFC9B68D7} = {49DA11FE-7538-4C64-9E9D-7328EACFEDBC}
		{7603FB2F-6F2E-4D78-A876-25B2AB0E9F13} = {49DA11FE-7538-4C64-9E9D-7328EACFEDBC}
		{DB71B91D-16D8-4339-9621-D81798E46E8F} = {49103EDC-92E8-4B88-8A53-A88A3D5FF271}
	EndGlobalSection
EndGlobal
