
Microsoft Visual Studio Solution File, Format Version 12.00
# Visual Studio 2013
VisualStudioVersion = 12.0.40629.0
MinimumVisualStudioVersion = 10.0.40219.1
Project("{8BC9CEB8-8B4A-11D0-8D11-00A0C91BC942}") = "OpenVXWrapper", "OpenVXWrapper\OpenVXWrapper.vcxproj", "{F008CAD3-843C-4659-8C1D-FDE606F99C3F}"
EndProject
Project("{8BC9CEB8-8B4A-11D0-8D11-00A0C91BC942}") = "RWPluginInterface", "RWPluginInterface\RWPluginInterface.vcxproj", "{8262A21B-A3AC-48A7-9BF5-08DDF6794938}"
EndProject
Project("{8BC9CEB8-8B4A-11D0-8D11-00A0C91BC942}") = "HighResolution", "..\RemoteUtil\thirdparty\HighResolution\HighResolution.vcxproj", "{E698783E-4BD7-47AA-95F4-340C8ABFF830}"
EndProject
Project("{8BC9CEB8-8B4A-11D0-8D11-00A0C91BC942}") = "RWUnitTest", "RWUnitTest\RWUnitTest.vcxproj", "{B5D2B888-D738-48DF-9DA7-990D0B7C15E3}"
	ProjectSection(ProjectDependencies) = postProject
		{F008CAD3-843C-4659-8C1D-FDE606F99C3F} = {F008CAD3-843C-4659-8C1D-FDE606F99C3F}
	EndProjectSection
EndProject
Project("{2150E333-8FDC-42A3-9474-1A3956D46DE8}") = "Plugins", "Plugins", "{49DA11FE-7538-4C64-9E9D-7328EACFEDBC}"
EndProject
Project("{8BC9CEB8-8B4A-11D0-8D11-00A0C91BC942}") = "VPL", "VPL\VPL.vcxproj", "{ED3ABCA4-9FED-3F47-A258-F1A95D446720}"
EndProject
Project("{8BC9CEB8-8B4A-11D0-8D11-00A0C91BC942}") = "IMP", "IMP\IMP.vcxproj", "{AA88BA47-5B94-4B12-B160-653921D884EC}"
EndProject
Project("{8BC9CEB8-8B4A-11D0-8D11-00A0C91BC942}") = "SCL", "SCL\SCL.vcxproj", "{7B5066D4-5311-45DA-991E-5E3F41A2B019}"
EndProject
Project("{8BC9CEB8-8B4A-11D0-8D11-00A0C91BC942}") = "Intel_common", "..\RemoteUtil\thirdparty\Intel_common\Intel_common.vcxproj", "{DB71B91D-16D8-4339-9621-D81798E46E8F}"
EndProject
Project("{2150E333-8FDC-42A3-9474-1A3956D46DE8}") = "Common", "Common", "{B2C5ABD9-625A-4050-ABD0-ED81FE038901}"
EndProject
Project("{8BC9CEB8-8B4A-11D0-8D11-00A0C91BC942}") = "OpenVXWrapperTest", "OpenVXWrapperTest\OpenVXWrapperTest.vcxproj", "{A02DF9E5-76A0-485E-80EE-F5B22E0571C0}"
	ProjectSection(ProjectDependencies) = postProject
		{A6E3D645-0F58-45F4-BDC3-CA457C87D7BC} = {A6E3D645-0F58-45F4-BDC3-CA457C87D7BC}
		{AA88BA47-5B94-4B12-B160-653921D884EC} = {AA88BA47-5B94-4B12-B160-653921D884EC}
		{ED3ABCA4-9FED-3F47-A258-F1A95D446720} = {ED3ABCA4-9FED-3F47-A258-F1A95D446720}
		{7B5066D4-5311-45DA-991E-5E3F41A2B019} = {7B5066D4-5311-45DA-991E-5E3F41A2B019}
	EndProjectSection
EndProject
Project("{8BC9CEB8-8B4A-11D0-8D11-00A0C91BC942}") = "DEC", "DEC\DEC.vcxproj", "{A6E3D645-0F58-45F4-BDC3-CA457C87D7BC}"
EndProject
Project("{8BC9CEB8-8B4A-11D0-8D11-00A0C91BC942}") = "CCL", "CCL\CCL.vcxproj", "{4EE1B34E-AC39-4B12-B9DC-AD5044618895}"
	ProjectSection(ProjectDependencies) = postProject
		{8262A21B-A3AC-48A7-9BF5-08DDF6794938} = {8262A21B-A3AC-48A7-9BF5-08DDF6794938}
		{A02DF9E5-76A0-485E-80EE-F5B22E0571C0} = {A02DF9E5-76A0-485E-80EE-F5B22E0571C0}
	EndProjectSection
EndProject
Project("{8BC9CEB8-8B4A-11D0-8D11-00A0C91BC942}") = "RSAPP", "RSAPP\RSAPP.vcxproj", "{4FCC6C5D-3C8A-3009-8419-E4DD5A22DE31}"
EndProject
Global
	GlobalSection(SolutionConfigurationPlatforms) = preSolution
		Debug_Client|x64 = Debug_Client|x64
		Release|x64 = Release|x64
	EndGlobalSection
	GlobalSection(ProjectConfigurationPlatforms) = postSolution
		{F008CAD3-843C-4659-8C1D-FDE606F99C3F}.Debug_Client|x64.ActiveCfg = Debug_Client|x64
		{F008CAD3-843C-4659-8C1D-FDE606F99C3F}.Debug_Client|x64.Build.0 = Debug_Client|x64
		{F008CAD3-843C-4659-8C1D-FDE606F99C3F}.Release|x64.ActiveCfg = Release|x64
		{F008CAD3-843C-4659-8C1D-FDE606F99C3F}.Release|x64.Build.0 = Release|x64
		{8262A21B-A3AC-48A7-9BF5-08DDF6794938}.Debug_Client|x64.ActiveCfg = Debug_Client|x64
		{8262A21B-A3AC-48A7-9BF5-08DDF6794938}.Debug_Client|x64.Build.0 = Debug_Client|x64
		{8262A21B-A3AC-48A7-9BF5-08DDF6794938}.Release|x64.ActiveCfg = Release|x64
		{8262A21B-A3AC-48A7-9BF5-08DDF6794938}.Release|x64.Build.0 = Release|x64
		{E698783E-4BD7-47AA-95F4-340C8ABFF830}.Debug_Client|x64.ActiveCfg = Debug_Client|x64
		{E698783E-4BD7-47AA-95F4-340C8ABFF830}.Debug_Client|x64.Build.0 = Debug_Client|x64
		{E698783E-4BD7-47AA-95F4-340C8ABFF830}.Release|x64.ActiveCfg = Release|x64
		{E698783E-4BD7-47AA-95F4-340C8ABFF830}.Release|x64.Build.0 = Release|x64
		{B5D2B888-D738-48DF-9DA7-990D0B7C15E3}.Debug_Client|x64.ActiveCfg = Debug_Client|x64
		{B5D2B888-D738-48DF-9DA7-990D0B7C15E3}.Debug_Client|x64.Build.0 = Debug_Client|x64
		{B5D2B888-D738-48DF-9DA7-990D0B7C15E3}.Release|x64.ActiveCfg = Release|x64
		{B5D2B888-D738-48DF-9DA7-990D0B7C15E3}.Release|x64.Build.0 = Release|x64
		{ED3ABCA4-9FED-3F47-A258-F1A95D446720}.Debug_Client|x64.ActiveCfg = Debug_Client|x64
		{ED3ABCA4-9FED-3F47-A258-F1A95D446720}.Debug_Client|x64.Build.0 = Debug_Client|x64
		{ED3ABCA4-9FED-3F47-A258-F1A95D446720}.Release|x64.ActiveCfg = Release|x64
		{ED3ABCA4-9FED-3F47-A258-F1A95D446720}.Release|x64.Build.0 = Release|x64
		{AA88BA47-5B94-4B12-B160-653921D884EC}.Debug_Client|x64.ActiveCfg = Debug_Client|x64
		{AA88BA47-5B94-4B12-B160-653921D884EC}.Debug_Client|x64.Build.0 = Debug_Client|x64
		{AA88BA47-5B94-4B12-B160-653921D884EC}.Release|x64.ActiveCfg = Release|x64
		{AA88BA47-5B94-4B12-B160-653921D884EC}.Release|x64.Build.0 = Release|x64
		{7B5066D4-5311-45DA-991E-5E3F41A2B019}.Debug_Client|x64.ActiveCfg = Debug_Client|x64
		{7B5066D4-5311-45DA-991E-5E3F41A2B019}.Debug_Client|x64.Build.0 = Debug_Client|x64
		{7B5066D4-5311-45DA-991E-5E3F41A2B019}.Release|x64.ActiveCfg = Release|x64
		{7B5066D4-5311-45DA-991E-5E3F41A2B019}.Release|x64.Build.0 = Release|x64
		{DB71B91D-16D8-4339-9621-D81798E46E8F}.Debug_Client|x64.ActiveCfg = Debug_Client|x64
		{DB71B91D-16D8-4339-9621-D81798E46E8F}.Debug_Client|x64.Build.0 = Debug_Client|x64
		{DB71B91D-16D8-4339-9621-D81798E46E8F}.Release|x64.ActiveCfg = Release|x64
		{DB71B91D-16D8-4339-9621-D81798E46E8F}.Release|x64.Build.0 = Release|x64
		{A02DF9E5-76A0-485E-80EE-F5B22E0571C0}.Debug_Client|x64.ActiveCfg = Debug_Client|x64
		{A02DF9E5-76A0-485E-80EE-F5B22E0571C0}.Debug_Client|x64.Build.0 = Debug_Client|x64
		{A02DF9E5-76A0-485E-80EE-F5B22E0571C0}.Release|x64.ActiveCfg = Release|x64
		{A02DF9E5-76A0-485E-80EE-F5B22E0571C0}.Release|x64.Build.0 = Release|x64
		{A6E3D645-0F58-45F4-BDC3-CA457C87D7BC}.Debug_Client|x64.ActiveCfg = Debug_Client|x64
		{A6E3D645-0F58-45F4-BDC3-CA457C87D7BC}.Debug_Client|x64.Build.0 = Debug_Client|x64
		{A6E3D645-0F58-45F4-BDC3-CA457C87D7BC}.Release|x64.ActiveCfg = Release|x64
		{A6E3D645-0F58-45F4-BDC3-CA457C87D7BC}.Release|x64.Build.0 = Release|x64
		{4EE1B34E-AC39-4B12-B9DC-AD5044618895}.Debug_Client|x64.ActiveCfg = Debug_Client|x64
		{4EE1B34E-AC39-4B12-B9DC-AD5044618895}.Debug_Client|x64.Build.0 = Debug_Client|x64
		{4EE1B34E-AC39-4B12-B9DC-AD5044618895}.Release|x64.ActiveCfg = Debug|x64
		{4EE1B34E-AC39-4B12-B9DC-AD5044618895}.Release|x64.Build.0 = Debug|x64
		{4FCC6C5D-3C8A-3009-8419-E4DD5A22DE31}.Debug_Client|x64.ActiveCfg = Debug_Client|x64
		{4FCC6C5D-3C8A-3009-8419-E4DD5A22DE31}.Debug_Client|x64.Build.0 = Debug_Client|x64
		{4FCC6C5D-3C8A-3009-8419-E4DD5A22DE31}.Release|x64.ActiveCfg = Release|x64
		{4FCC6C5D-3C8A-3009-8419-E4DD5A22DE31}.Release|x64.Build.0 = Release|x64
	EndGlobalSection
	GlobalSection(SolutionProperties) = preSolution
		HideSolutionNode = FALSE
	EndGlobalSection
	GlobalSection(NestedProjects) = preSolution
		{E698783E-4BD7-47AA-95F4-340C8ABFF830} = {B2C5ABD9-625A-4050-ABD0-ED81FE038901}
		{ED3ABCA4-9FED-3F47-A258-F1A95D446720} = {49DA11FE-7538-4C64-9E9D-7328EACFEDBC}
		{AA88BA47-5B94-4B12-B160-653921D884EC} = {49DA11FE-7538-4C64-9E9D-7328EACFEDBC}
		{7B5066D4-5311-45DA-991E-5E3F41A2B019} = {49DA11FE-7538-4C64-9E9D-7328EACFEDBC}
		{DB71B91D-16D8-4339-9621-D81798E46E8F} = {B2C5ABD9-625A-4050-ABD0-ED81FE038901}
		{A6E3D645-0F58-45F4-BDC3-CA457C87D7BC} = {49DA11FE-7538-4C64-9E9D-7328EACFEDBC}
	EndGlobalSection
EndGlobal
