<?xml version="1.0" encoding="utf-8"?>
<Project ToolsVersion="4.0" xmlns="http://schemas.microsoft.com/developer/msbuild/2003">
  <ItemGroup>
    <Filter Include="Header Files">
      <UniqueIdentifier>{025ac1c1-aee0-411b-add2-0ebf42f77b60}</UniqueIdentifier>
    </Filter>
    <Filter Include="Source Files">
      <UniqueIdentifier>{49cf974b-7658-4c4f-a955-1767b054fa65}</UniqueIdentifier>
    </Filter>
  </ItemGroup>
  <ItemGroup>
    <ClInclude Include="Intel_decode.hpp">
      <Filter>Header Files</Filter>
    </ClInclude>
    <ClInclude Include="pipeline_decode.h">
      <Filter>Header Files</Filter>
    </ClInclude>
  </ItemGroup>
  <ItemGroup>
    <ClCompile Include="Intel_decode.cpp">
      <Filter>Source Files</Filter>
    </ClCompile>
    <ClCompile Include="moc_Intel_decode.cpp">
      <Filter>Source Files</Filter>
    </ClCompile>
    <ClCompile Include="pipeline_decode.cpp">
      <Filter>Source Files</Filter>
    </ClCompile>
  </ItemGroup>
</Project>