<?xml version="1.0" encoding="utf-8"?>
<Project ToolsVersion="4.0" xmlns="http://schemas.microsoft.com/developer/msbuild/2003">
  <ItemGroup>
    <ClCompile Include="IMP_Base.cpp">
      <Filter>Quelldateien</Filter>
    </ClCompile>
    <ClCompile Include="IMP_ConvColorFrames.cpp">
      <Filter>Quelldateien</Filter>
    </ClCompile>
    <ClCompile Include="IMP_CropFrames.cpp">
      <Filter>Quelldateien</Filter>
    </ClCompile>
    <ClCompile Include="IMP_MergeFrames.cpp">
      <Filter>Quelldateien</Filter>
    </ClCompile>
    <ClCompile Include="moc_IMP_ConvColorFrames.cpp">
      <Filter>Quelldateien</Filter>
    </ClCompile>
    <ClCompile Include="moc_IMP_CropFrames.cpp">
      <Filter>Quelldateien</Filter>
    </ClCompile>
    <ClCompile Include="moc_IMP_MergeFrames.cpp">
      <Filter>Quelldateien</Filter>
    </ClCompile>
    <ClCompile Include="moc_ModuleFactory.cpp">
      <Filter>Quelldateien</Filter>
    </ClCompile>
    <ClCompile Include="ModuleFactory.cpp">
      <Filter>Quelldateien</Filter>
    </ClCompile>
  </ItemGroup>
  <ItemGroup>
    <ClInclude Include="IMP_Base.h">
      <Filter>Headerdateien</Filter>
    </ClInclude>
    <ClInclude Include="IMP_ConvColorFrames.hpp">
      <Filter>Headerdateien</Filter>
    </ClInclude>
    <ClInclude Include="IMP_CropFrames.hpp">
      <Filter>Headerdateien</Filter>
    </ClInclude>
    <ClInclude Include="IMP_MergeFrames.hpp">
      <Filter>Headerdateien</Filter>
    </ClInclude>
    <ClInclude Include="ModuleFactory.hpp">
      <Filter>Headerdateien</Filter>
    </ClInclude>
    <ClInclude Include="IMP.h">
      <Filter>Headerdateien</Filter>
    </ClInclude>
  </ItemGroup>
  <ItemGroup>
    <Filter Include="Headerdateien">
      <UniqueIdentifier>{01a7b52b-013f-4b41-af17-d2a838a064b2}</UniqueIdentifier>
    </Filter>
    <Filter Include="Quelldateien">
      <UniqueIdentifier>{c14575a1-b248-4f7c-a399-2d20d3d0160b}</UniqueIdentifier>
    </Filter>
  </ItemGroup>
</Project>