<?xml version="1.0" encoding="utf-8"?>
<Project ToolsVersion="4.0" xmlns="http://schemas.microsoft.com/developer/msbuild/2003">
  <ItemGroup>
    <Filter Include="Resource Files">
      <UniqueIdentifier>{67DA6AB6-F800-4c08-8B7A-83BB121AAD01}</UniqueIdentifier>
      <Extensions>rc;ico;cur;bmp;dlg;rc2;rct;bin;rgs;gif;jpg;jpeg;jpe;resx;tiff;tif;png;wav;mfcribbon-ms</Extensions>
    </Filter>
    <Filter Include="Simu">
      <UniqueIdentifier>{8d8241f8-6571-47fd-af39-d1c8b942c865}</UniqueIdentifier>
    </Filter>
  </ItemGroup>
  <ItemGroup>
    <ClCompile Include="ModuleFactory.cpp" />
    <ClCompile Include="Simu\VideoGrabberSimu.cpp">
      <Filter>Simu</Filter>
    </ClCompile>
  </ItemGroup>
  <ItemGroup>
    <ClInclude Include="ModuleFactory.hpp" />
    <ClInclude Include="Simu\VideoGrabberSimu.hpp">
      <Filter>Simu</Filter>
    </ClInclude>
  </ItemGroup>
  <ItemGroup>
    <None Include="VGR.json" />
  </ItemGroup>
  <ItemGroup>
    <Text Include="..\ConsoleApplication1\ReadMe.txt" />
  </ItemGroup>
</Project>