<?xml version="1.0" encoding="utf-8"?>
<Project ToolsVersion="4.0" xmlns="http://schemas.microsoft.com/developer/msbuild/2003">
  <ItemGroup>
    <ClCompile Include="ModuleFactory.cpp" />
    <ClCompile Include="live555\SCL_live555.cpp">
      <Filter>live555</Filter>
    </ClCompile>
    <ClCompile Include="DummySink.cpp">
      <Filter>live555</Filter>
    </ClCompile>
  </ItemGroup>
  <ItemGroup>
    <ClInclude Include="ModuleFactory.hpp" />
    <ClInclude Include="live555\SCL_live555.hpp">
      <Filter>live555</Filter>
    </ClInclude>
    <ClInclude Include="DummySink.h">
      <Filter>live555</Filter>
    </ClInclude>
  </ItemGroup>
  <ItemGroup>
    <Filter Include="live555">
      <UniqueIdentifier>{f2846227-c572-44de-95d0-a47b859ce767}</UniqueIdentifier>
    </Filter>
  </ItemGroup>
</Project>