<?xml version="1.0" encoding="utf-8"?>
<Project ToolsVersion="4.0" xmlns="http://schemas.microsoft.com/developer/msbuild/2003">
  <ItemGroup>
    <Filter Include="QT_simple">
      <UniqueIdentifier>{58a38e12-ab80-40ac-abc6-5a90888f013e}</UniqueIdentifier>
    </Filter>
  </ItemGroup>
  <ItemGroup>
    <ClCompile Include="ModuleFactory.cpp" />
    <ClCompile Include="QT_simple\VPL_FrameProcessor.cpp">
      <Filter>QT_simple</Filter>
    </ClCompile>
    <ClCompile Include="QT_simple\VPL_Viewer.cpp">
      <Filter>QT_simple</Filter>
    </ClCompile>
  </ItemGroup>
  <ItemGroup>
    <ClInclude Include="ModuleFactory.hpp" />
    <ClInclude Include="QT_simple\VPL_FrameProcessor.hpp">
      <Filter>QT_simple</Filter>
    </ClInclude>
    <ClInclude Include="QT_simple\VPL_Viewer.hpp">
      <Filter>QT_simple</Filter>
    </ClInclude>
  </ItemGroup>
  <ItemGroup>
    <None Include="VPL.json" />
  </ItemGroup>
</Project>